PATH
  remote: .
  specs:
    nessus-client (0.3.1)
      excon (~> 0.45)
      terminal-table (= 1.4.5)
      thor (~> 1.4.0)

GEM
  remote: https://rubygems.org/
  specs:
    excon (0.112.0)
    terminal-table (1.4.5)
    thor (1.4.0)

PLATFORMS
  ruby

DEPENDENCIES
  nessus-client!

BUNDLED WITH
   2.6.9
