PATH
  remote: .
  specs:
    nessus-client (0.3.2)
      excon (~> 1.5.0)
      terminal-table (= 1.4.5)
      thor (~> 1.4.0)

GEM
  remote: https://rubygems.org/
  specs:
    excon (1.5.0)
      logger
    logger (1.7.0)
    terminal-table (1.4.5)
    thor (1.4.0)

PLATFORMS
  ruby

DEPENDENCIES
  nessus-client!

BUNDLED WITH
   2.6.9
